[[package]]
name = "lib1"
version = "0.1.0"
description = ""
category = "main"
optional = false
python-versions = "^3.8"
develop = true

[package.source]
type = "directory"
url = "../lib/lib1"

[[package]]
name = "lib2"
version = "0.1.0"
description = ""
category = "main"
optional = false
python-versions = "^3.8"
develop = true

[package.source]
type = "directory"
url = "../lib/lib2"

[metadata]
lock-version = "1.1"
python-versions = "^3.8"
content-hash = "930816bfeda88174f568010572e026061fb011f3b5742bbe49affb4c28e2160d"

[metadata.files]
lib1 = []
lib2 = []
